
Microsoft Visual Studio Solution File, Format Version 12.00
# Visual Studio Version 17
VisualStudioVersion = 17.7.34031.279
MinimumVisualStudioVersion = 10.0.40219.1
Project("{FAE04EC0-301F-11D3-BF4B-00C04F79EFBC}") = "lab4", "lab4\lab4.csproj", "{2C7F87C9-3FDB-40B3-B387-A63953648099}"
EndProject
Global
	GlobalSection(SolutionConfigurationPlatforms) = preSolution
		Debug|Any CPU = Debug|Any CPU
		Release|Any CPU = Release|Any CPU
	EndGlobalSection
	GlobalSection(ProjectConfigurationPlatforms) = postSolution
		{2C7F87C9-3FDB-40B3-B387-A63953648099}.Debug|Any CPU.ActiveCfg = Debug|Any CPU
		{2C7F87C9-3FDB-40B3-B387-A63953648099}.Debug|Any CPU.Build.0 = Debug|Any CPU
		{2C7F87C9-3FDB-40B3-B387-A63953648099}.Release|Any CPU.ActiveCfg = Release|Any CPU
		{2C7F87C9-3FDB-40B3-B387-A63953648099}.Release|Any CPU.Build.0 = Release|Any CPU
	EndGlobalSection
	GlobalSection(SolutionProperties) = preSolution
		HideSolutionNode = FALSE
	EndGlobalSection
	GlobalSection(ExtensibilityGlobals) = postSolution
		SolutionGuid = {8D640A85-2943-48D7-A3FA-61403622F23B}
	EndGlobalSection
EndGlobal
